{
  "format_version": "1.1",
  "terraform_version": "1.3.6",
  "planned_values": {
    "root_module": {
      "resources": [
        {
          "address": "azurerm_network_security_group.ccs_az_nsg_nsg",
          "mode": "managed",
          "type": "azurerm_network_security_group",
          "name": "ccs_az_nsg_nsg",
          "provider_name": "registry.terraform.io/hashicorp/azurerm",
          "schema_version": 0,
          "values": {
            "location": "westeurope",
            "name": "ccsaznsgnsg",
            "resource_group_name": "ccsaznsg",
            "tags": null,
            "timeouts": null
          },
          "sensitive_values": {
            "security_rule": []
          }
        },
        {
          "address": "azurerm_network_security_rule.ccs_az_nsg_rule1",
          "mode": "managed",
          "type": "azurerm_network_security_rule",
          "name": "ccs_az_nsg_rule1",
          "provider_name": "registry.terraform.io/hashicorp/azurerm",
          "schema_version": 0,
          "values": {
            "access": "Allow",
            "description": null,
            "destination_address_prefix": "*",
            "destination_address_prefixes": null,
            "destination_application_security_group_ids": null,
            "destination_port_range": "*",
            "destination_port_ranges": null,
            "direction": "Inbound",
            "name": "ccsaznsgrule1",
            "network_security_group_name": "ccsaznsgnsg",
            "priority": 101,
            "protocol": "Icmp",
            "resource_group_name": "ccsaznsg",
            "source_address_prefix": "*",
            "source_address_prefixes": null,
            "source_application_security_group_ids": null,
            "source_port_range": "*",
            "source_port_ranges": null,
            "timeouts": null
          },
          "sensitive_values": {}
        },
        {
          "address": "azurerm_network_security_rule.ccs_az_nsg_rule2",
          "mode": "managed",
          "type": "azurerm_network_security_rule",
          "name": "ccs_az_nsg_rule2",
          "provider_name": "registry.terraform.io/hashicorp/azurerm",
          "schema_version": 0,
          "values": {
            "access": "Allow",
            "description": null,
            "destination_address_prefix": "*",
            "destination_address_prefixes": null,
            "destination_application_security_group_ids": null,
            "destination_port_range": "*",
            "destination_port_ranges": null,
            "direction": "Inbound",
            "name": "ccsaznsgrule2",
            "network_security_group_name": "ccsaznsgnsg",
            "priority": 102,
            "protocol": "Tcp",
            "resource_group_name": "ccsaznsg",
            "source_address_prefix": "*",
            "source_address_prefixes": null,
            "source_application_security_group_ids": null,
            "source_port_range": "*",
            "source_port_ranges": null,
            "timeouts": null
          },
          "sensitive_values": {}
        },
        {
          "address": "azurerm_network_security_rule.ccs_az_nsg_rule3",
          "mode": "managed",
          "type": "azurerm_network_security_rule",
          "name": "ccs_az_nsg_rule3",
          "provider_name": "registry.terraform.io/hashicorp/azurerm",
          "schema_version": 0,
          "values": {
            "access": "Allow",
            "description": null,
            "destination_address_prefix": "*",
            "destination_address_prefixes": null,
            "destination_application_security_group_ids": null,
            "destination_port_range": "*",
            "destination_port_ranges": null,
            "direction": "Inbound",
            "name": "ccsaznsgrule3",
            "network_security_group_name": "ccsaznsgnsg",
            "priority": 103,
            "protocol": "Udp",
            "resource_group_name": "ccsaznsg",
            "source_address_prefix": "*",
            "source_address_prefixes": null,
            "source_application_security_group_ids": null,
            "source_port_range": "*",
            "source_port_ranges": null,
            "timeouts": null
          },
          "sensitive_values": {}
        },
        {
          "address": "azurerm_resource_group.ccs_az_nsg",
          "mode": "managed",
          "type": "azurerm_resource_group",
          "name": "ccs_az_nsg",
          "provider_name": "registry.terraform.io/hashicorp/azurerm",
          "schema_version": 0,
          "values": {
            "location": "westeurope",
            "name": "ccsaznsg",
            "tags": null,
            "timeouts": null
          },
          "sensitive_values": {}
        }
      ]
    }
  },
  "resource_changes": [
    {
      "address": "azurerm_network_security_group.ccs_az_nsg_nsg",
      "mode": "managed",
      "type": "azurerm_network_security_group",
      "name": "ccs_az_nsg_nsg",
      "provider_name": "registry.terraform.io/hashicorp/azurerm",
      "change": {
        "actions": [
          "create"
        ],
        "before": null,
        "after": {
          "location": "westeurope",
          "name": "ccsaznsgnsg",
          "resource_group_name": "ccsaznsg",
          "tags": null,
          "timeouts": null
        },
        "after_unknown": {
          "id": true,
          "security_rule": true
        },
        "before_sensitive": false,
        "after_sensitive": {
          "security_rule": []
        }
      }
    },
    {
      "address": "azurerm_network_security_rule.ccs_az_nsg_rule1",
      "mode": "managed",
      "type": "azurerm_network_security_rule",
      "name": "ccs_az_nsg_rule1",
      "provider_name": "registry.terraform.io/hashicorp/azurerm",
      "change": {
        "actions": [
          "create"
        ],
        "before": null,
        "after": {
          "access": "Allow",
          "description": null,
          "destination_address_prefix": "*",
          "destination_address_prefixes": null,
          "destination_application_security_group_ids": null,
          "destination_port_range": "*",
          "destination_port_ranges": null,
          "direction": "Inbound",
          "name": "ccsaznsgrule1",
          "network_security_group_name": "ccsaznsgnsg",
          "priority": 101,
          "protocol": "Icmp",
          "resource_group_name": "ccsaznsg",
          "source_address_prefix": "*",
          "source_address_prefixes": null,
          "source_application_security_group_ids": null,
          "source_port_range": "*",
          "source_port_ranges": null,
          "timeouts": null
        },
        "after_unknown": {
          "id": true
        },
        "before_sensitive": false,
        "after_sensitive": {}
      }
    },
    {
      "address": "azurerm_network_security_rule.ccs_az_nsg_rule2",
      "mode": "managed",
      "type": "azurerm_network_security_rule",
      "name": "ccs_az_nsg_rule2",
      "provider_name": "registry.terraform.io/hashicorp/azurerm",
      "change": {
        "actions": [
          "create"
        ],
        "before": null,
        "after": {
          "access": "Allow",
          "description": null,
          "destination_address_prefix": "*",
          "destination_address_prefixes": null,
          "destination_application_security_group_ids": null,
          "destination_port_range": "*",
          "destination_port_ranges": null,
          "direction": "Inbound",
          "name": "ccsaznsgrule2",
          "network_security_group_name": "ccsaznsgnsg",
          "priority": 102,
          "protocol": "Tcp",
          "resource_group_name": "ccsaznsg",
          "source_address_prefix": "*",
          "source_address_prefixes": null,
          "source_application_security_group_ids": null,
          "source_port_range": "*",
          "source_port_ranges": null,
          "timeouts": null
        },
        "after_unknown": {
          "id": true
        },
        "before_sensitive": false,
        "after_sensitive": {}
      }
    },
    {
      "address": "azurerm_network_security_rule.ccs_az_nsg_rule3",
      "mode": "managed",
      "type": "azurerm_network_security_rule",
      "name": "ccs_az_nsg_rule3",
      "provider_name": "registry.terraform.io/hashicorp/azurerm",
      "change": {
        "actions": [
          "create"
        ],
        "before": null,
        "after": {
          "access": "Allow",
          "description": null,
          "destination_address_prefix": "*",
          "destination_address_prefixes": null,
          "destination_application_security_group_ids": null,
          "destination_port_range": "*",
          "destination_port_ranges": null,
          "direction": "Inbound",
          "name": "ccsaznsgrule3",
          "network_security_group_name": "ccsaznsgnsg",
          "priority": 103,
          "protocol": "Udp",
          "resource_group_name": "ccsaznsg",
          "source_address_prefix": "*",
          "source_address_prefixes": null,
          "source_application_security_group_ids": null,
          "source_port_range": "*",
          "source_port_ranges": null,
          "timeouts": null
        },
        "after_unknown": {
          "id": true
        },
        "before_sensitive": false,
        "after_sensitive": {}
      }
    },
    {
      "address": "azurerm_resource_group.ccs_az_nsg",
      "mode": "managed",
      "type": "azurerm_resource_group",
      "name": "ccs_az_nsg",
      "provider_name": "registry.terraform.io/hashicorp/azurerm",
      "change": {
        "actions": [
          "create"
        ],
        "before": null,
        "after": {
          "location": "westeurope",
          "name": "ccsaznsg",
          "tags": null,
          "timeouts": null
        },
        "after_unknown": {
          "id": true
        },
        "before_sensitive": false,
        "after_sensitive": {}
      }
    }
  ],
  "configuration": {
    "provider_config": {
      "azurerm": {
        "name": "azurerm",
        "full_name": "registry.terraform.io/hashicorp/azurerm",
        "version_constraint": "<= 3.26.0",
        "expressions": {
          "features": [
            {}
          ]
        }
      }
    },
    "root_module": {
      "resources": [
        {
          "address": "azurerm_network_security_group.ccs_az_nsg_nsg",
          "mode": "managed",
          "type": "azurerm_network_security_group",
          "name": "ccs_az_nsg_nsg",
          "provider_config_key": "azurerm",
          "expressions": {
            "location": {
              "references": [
                "azurerm_resource_group.ccs_az_nsg.location",
                "azurerm_resource_group.ccs_az_nsg"
              ]
            },
            "name": {
              "constant_value": "ccsaznsgnsg"
            },
            "resource_group_name": {
              "references": [
                "azurerm_resource_group.ccs_az_nsg.name",
                "azurerm_resource_group.ccs_az_nsg"
              ]
            }
          },
          "schema_version": 0
        },
        {
          "address": "azurerm_network_security_rule.ccs_az_nsg_rule1",
          "mode": "managed",
          "type": "azurerm_network_security_rule",
          "name": "ccs_az_nsg_rule1",
          "provider_config_key": "azurerm",
          "expressions": {
            "access": {
              "constant_value": "Allow"
            },
            "destination_address_prefix": {
              "constant_value": "*"
            },
            "destination_port_range": {
              "constant_value": "*"
            },
            "direction": {
              "constant_value": "Inbound"
            },
            "name": {
              "constant_value": "ccsaznsgrule1"
            },
            "network_security_group_name": {
              "references": [
                "azurerm_network_security_group.ccs_az_nsg_nsg.name",
                "azurerm_network_security_group.ccs_az_nsg_nsg"
              ]
            },
            "priority": {
              "constant_value": 101
            },
            "protocol": {
              "constant_value": "Icmp"
            },
            "resource_group_name": {
              "references": [
                "azurerm_resource_group.ccs_az_nsg.name",
                "azurerm_resource_group.ccs_az_nsg"
              ]
            },
            "source_address_prefix": {
              "constant_value": "*"
            },
            "source_port_range": {
              "constant_value": "*"
            }
          },
          "schema_version": 0
        },
        {
          "address": "azurerm_network_security_rule.ccs_az_nsg_rule2",
          "mode": "managed",
          "type": "azurerm_network_security_rule",
          "name": "ccs_az_nsg_rule2",
          "provider_config_key": "azurerm",
          "expressions": {
            "access": {
              "constant_value": "Allow"
            },
            "destination_address_prefix": {
              "constant_value": "*"
            },
            "destination_port_range": {
              "constant_value": "*"
            },
            "direction": {
              "constant_value": "Inbound"
            },
            "name": {
              "constant_value": "ccsaznsgrule2"
            },
            "network_security_group_name": {
              "references": [
                "azurerm_network_security_group.ccs_az_nsg_nsg.name",
                "azurerm_network_security_group.ccs_az_nsg_nsg"
              ]
            },
            "priority": {
              "constant_value": 102
            },
            "protocol": {
              "constant_value": "Tcp"
            },
            "resource_group_name": {
              "references": [
                "azurerm_resource_group.ccs_az_nsg.name",
                "azurerm_resource_group.ccs_az_nsg"
              ]
            },
            "source_address_prefix": {
              "constant_value": "*"
            },
            "source_port_range": {
              "constant_value": "*"
            }
          },
          "schema_version": 0
        },
        {
          "address": "azurerm_network_security_rule.ccs_az_nsg_rule3",
          "mode": "managed",
          "type": "azurerm_network_security_rule",
          "name": "ccs_az_nsg_rule3",
          "provider_config_key": "azurerm",
          "expressions": {
            "access": {
              "constant_value": "Allow"
            },
            "destination_address_prefix": {
              "constant_value": "*"
            },
            "destination_port_range": {
              "constant_value": "*"
            },
            "direction": {
              "constant_value": "Inbound"
            },
            "name": {
              "constant_value": "ccsaznsgrule3"
            },
            "network_security_group_name": {
              "references": [
                "azurerm_network_security_group.ccs_az_nsg_nsg.name",
                "azurerm_network_security_group.ccs_az_nsg_nsg"
              ]
            },
            "priority": {
              "constant_value": 103
            },
            "protocol": {
              "constant_value": "Udp"
            },
            "resource_group_name": {
              "references": [
                "azurerm_resource_group.ccs_az_nsg.name",
                "azurerm_resource_group.ccs_az_nsg"
              ]
            },
            "source_address_prefix": {
              "constant_value": "*"
            },
            "source_port_range": {
              "constant_value": "*"
            }
          },
          "schema_version": 0
        },
        {
          "address": "azurerm_resource_group.ccs_az_nsg",
          "mode": "managed",
          "type": "azurerm_resource_group",
          "name": "ccs_az_nsg",
          "provider_config_key": "azurerm",
          "expressions": {
            "location": {
              "constant_value": "West Europe"
            },
            "name": {
              "constant_value": "ccsaznsg"
            }
          },
          "schema_version": 0
        }
      ]
    }
  },
  "relevant_attributes": [
    {
      "resource": "azurerm_resource_group.ccs_az_nsg",
      "attribute": [
        "location"
      ]
    },
    {
      "resource": "azurerm_resource_group.ccs_az_nsg",
      "attribute": [
        "name"
      ]
    },
    {
      "resource": "azurerm_network_security_group.ccs_az_nsg_nsg",
      "attribute": [
        "name"
      ]
    }
  ]
}
